// !$*UTF8*$!
{
	archiveVersion = 1;
	classes = {
	};
	objectVersion = 46;
	objects = {

/* Begin PBXBuildFile section */
		F26CE14A1D95013E0006AA91 /* main.m in Sources */ = {isa = PBXBuildFile; fileRef = F26CE1491D95013E0006AA91 /* main.m */; };
		F26CE14D1D95013E0006AA91 /* AppDelegate.m in Sources */ = {isa = PBXBuildFile; fileRef = F26CE14C1D95013E0006AA91 /* AppDelegate.m */; };
		F26CE1551D95013E0006AA91 /* Assets.xcassets in Resources */ = {isa = PBXBuildFile; fileRef = F26CE1541D95013E0006AA91 /* Assets.xcassets */; };
		F26CE1581D95013E0006AA91 /* LaunchScreen.storyboard in Resources */ = {isa = PBXBuildFile; fileRef = F26CE1561D95013E0006AA91 /* LaunchScreen.storyboard */; };
		F26CE1631D95013E0006AA91 /* App1Tests.m in Sources */ = {isa = PBXBuildFile; fileRef = F26CE1621D95013E0006AA91 /* App1Tests.m */; };
		F26CE16E1D95013E0006AA91 /* App1UITests.m in Sources */ = {isa = PBXBuildFile; fileRef = F26CE16D1D95013E0006AA91 /* App1UITests.m */; };
		F26CE17D1D9501900006AA91 /* primeViewController.m in Sources */ = {isa = PBXBuildFile; fileRef = F26CE17C1D9501900006AA91 /* primeViewController.m */; };
/* End PBXBuildFile section */

/* Begin PBXContainerItemProxy section */
		F26CE15F1D95013E0006AA91 /* PBXContainerItemProxy */ = {
			isa = PBXContainerItemProxy;
			containerPortal = F26CE13D1D95013E0006AA91 /* Project object */;
			proxyType = 1;
			remoteGlobalIDString = F26CE1441D95013E0006AA91;
			remoteInfo = App1;
		};
		F26CE16A1D95013E0006AA91 /* PBXContainerItemProxy */ = {
			isa = PBXContainerItemProxy;
			containerPortal = F26CE13D1D95013E0006AA91 /* Project object */;
			proxyType = 1;
			remoteGlobalIDString = F26CE1441D95013E0006AA91;
			remoteInfo = App1;
		};
/* End PBXContainerItemProxy section */

/* Begin PBXFileReference section */
		F26CE1451D95013E0006AA91 /* App1.app */ = {isa = PBXFileReference; explicitFileType = wrapper.application; includeInIndex = 0; path = App1.app; sourceTree = BUILT_PRODUCTS_DIR; };
		F26CE1491D95013E0006AA91 /* main.m */ = {isa = PBXFileReference; lastKnownFileType = sourcecode.c.objc; path = main.m; sourceTree = "<group>"; };
		F26CE14B1D95013E0006AA91 /* AppDelegate.h */ = {isa = PBXFileReference; lastKnownFileType = sourcecode.c.h; path = AppDelegate.h; sourceTree = "<group>"; };
		F26CE14C1D95013E0006AA91 /* AppDelegate.m */ = {isa = PBXFileReference; lastKnownFileType = sourcecode.c.objc; path = AppDelegate.m; sourceTree = "<group>"; };
		F26CE1541D95013E0006AA91 /* Assets.xcassets */ = {isa = PBXFileReference; lastKnownFileType = folder.assetcatalog; path = Assets.xcassets; sourceTree = "<group>"; };
		F26CE1571D95013E0006AA91 /* Base */ = {isa = PBXFileReference; lastKnownFileType = file.storyboard; name = Base; path = Base.lproj/LaunchScreen.storyboard; sourceTree = "<group>"; };
		F26CE1591D95013E0006AA91 /* Info.plist */ = {isa = PBXFileReference; lastKnownFileType = text.plist.xml; path = Info.plist; sourceTree = "<group>"; };
		F26CE15E1D95013E0006AA91 /* App1Tests.xctest */ = {isa = PBXFileReference; explicitFileType = wrapper.cfbundle; includeInIndex = 0; path = App1Tests.xctest; sourceTree = BUILT_PRODUCTS_DIR; };
		F26CE1621D95013E0006AA91 /* App1Tests.m */ = {isa = PBXFileReference; lastKnownFileType = sourcecode.c.objc; path = App1Tests.m; sourceTree = "<group>"; };
		F26CE1641D95013E0006AA91 /* Info.plist */ = {isa = PBXFileReference; lastKnownFileType = text.plist.xml; path = Info.plist; sourceTree = "<group>"; };
		F26CE1691D95013E0006AA91 /* App1UITests.xctest */ = {isa = PBXFileReference; explicitFileType = wrapper.cfbundle; includeInIndex = 0; path = App1UITests.xctest; sourceTree = BUILT_PRODUCTS_DIR; };
		F26CE16D1D95013E0006AA91 /* App1UITests.m */ = {isa = PBXFileReference; lastKnownFileType = sourcecode.c.objc; path = App1UITests.m; sourceTree = "<group>"; };
		F26CE16F1D95013E0006AA91 /* Info.plist */ = {isa = PBXFileReference; lastKnownFileType = text.plist.xml; path = Info.plist; sourceTree = "<group>"; };
		F26CE17B1D9501900006AA91 /* primeViewController.h */ = {isa = PBXFileReference; fileEncoding = 4; lastKnownFileType = sourcecode.c.h; path = primeViewController.h; sourceTree = "<group>"; };
		F26CE17C1D9501900006AA91 /* primeViewController.m */ = {isa = PBXFileReference; fileEncoding = 4; lastKnownFileType = sourcecode.c.objc; path = primeViewController.m; sourceTree = "<group>"; };
/* End PBXFileReference section */

/* Begin PBXFrameworksBuildPhase section */
		F26CE1421D95013E0006AA91 /* Frameworks */ = {
			isa = PBXFrameworksBuildPhase;
			buildActionMask = 2147483647;
			files = (
			);
			runOnlyForDeploymentPostprocessing = 0;
		};
		F26CE15B1D95013E0006AA91 /* Frameworks */ = {
			isa = PBXFrameworksBuildPhase;
			buildActionMask = 2147483647;
			files = (
			);
			runOnlyForDeploymentPostprocessing = 0;
		};
		F26CE1661D95013E0006AA91 /* Frameworks */ = {
			isa = PBXFrameworksBuildPhase;
			buildActionMask = 2147483647;
			files = (
			);
			runOnlyForDeploymentPostprocessing = 0;
		};
/* End PBXFrameworksBuildPhase section */

/* Begin PBXGroup section */
		F26CE13C1D95013E0006AA91 = {
			isa = PBXGroup;
			children = (
				F26CE1471D95013E0006AA91 /* App1 */,
				F26CE1611D95013E0006AA91 /* App1Tests */,
				F26CE16C1D95013E0006AA91 /* App1UITests */,
				F26CE1461D95013E0006AA91 /* Products */,
			);
			sourceTree = "<group>";
		};
		F26CE1461D95013E0006AA91 /* Products */ = {
			isa = PBXGroup;
			children = (
				F26CE1451D95013E0006AA91 /* App1.app */,
				F26CE15E1D95013E0006AA91 /* App1Tests.xctest */,
				F26CE1691D95013E0006AA91 /* App1UITests.xctest */,
			);
			name = Products;
			sourceTree = "<group>";
		};
		F26CE1471D95013E0006AA91 /* App1 */ = {
			isa = PBXGroup;
			children = (
				F26CE14B1D95013E0006AA91 /* AppDelegate.h */,
				F26CE14C1D95013E0006AA91 /* AppDelegate.m */,
				F26CE17B1D9501900006AA91 /* primeViewController.h */,
				F26CE17C1D9501900006AA91 /* primeViewController.m */,
				F26CE1541D95013E0006AA91 /* Assets.xcassets */,
				F26CE1561D95013E0006AA91 /* LaunchScreen.storyboard */,
				F26CE1591D95013E0006AA91 /* Info.plist */,
				F26CE1481D95013E0006AA91 /* Supporting Files */,
			);
			path = App1;
			sourceTree = "<group>";
		};
		F26CE1481D95013E0006AA91 /* Supporting Files */ = {
			isa = PBXGroup;
			children = (
				F26CE1491D95013E0006AA91 /* main.m */,
			);
			name = "Supporting Files";
			sourceTree = "<group>";
		};
		F26CE1611D95013E0006AA91 /* App1Tests */ = {
			isa = PBXGroup;
			children = (
				F26CE1621D95013E0006AA91 /* App1Tests.m */,
				F26CE1641D95013E0006AA91 /* Info.plist */,
			);
			path = App1Tests;
			sourceTree = "<group>";
		};
		F26CE16C1D95013E0006AA91 /* App1UITests */ = {
			isa = PBXGroup;
			children = (
				F26CE16D1D95013E0006AA91 /* App1UITests.m */,
				F26CE16F1D95013E0006AA91 /* Info.plist */,
			);
			path = App1UITests;
			sourceTree = "<group>";
		};
/* End PBXGroup section */

/* Begin PBXNativeTarget section */
		F26CE1441D95013E0006AA91 /* App1 */ = {
			isa = PBXNativeTarget;
			buildConfigurationList = F26CE1721D95013E0006AA91 /* Build configuration list for PBXNativeTarget "App1" */;
			buildPhases = (
				F26CE1411D95013E0006AA91 /* Sources */,
				F26CE1421D95013E0006AA91 /* Frameworks */,
				F26CE1431D95013E0006AA91 /* Resources */,
			);
			buildRules = (
			);
			dependencies = (
			);
			name = App1;
			productName = App1;
			productReference = F26CE1451D95013E0006AA91 /* App1.app */;
			productType = "com.apple.product-type.application";
		};
		F26CE15D1D95013E0006AA91 /* App1Tests */ = {
			isa = PBXNativeTarget;
			buildConfigurationList = F26CE1751D95013E0006AA91 /* Build configuration list for PBXNativeTarget "App1Tests" */;
			buildPhases = (
				F26CE15A1D95013E0006AA91 /* Sources */,
				F26CE15B1D95013E0006AA91 /* Frameworks */,
				F26CE15C1D95013E0006AA91 /* Resources */,
			);
			buildRules = (
			);
			dependencies = (
				F26CE1601D95013E0006AA91 /* PBXTargetDependency */,
			);
			name = App1Tests;
			productName = App1Tests;
			productReference = F26CE15E1D95013E0006AA91 /* App1Tests.xctest */;
			productType = "com.apple.product-type.bundle.unit-test";
		};
		F26CE1681D95013E0006AA91 /* App1UITests */ = {
			isa = PBXNativeTarget;
			buildConfigurationList = F26CE1781D95013E0006AA91 /* Build configuration list for PBXNativeTarget "App1UITests" */;
			buildPhases = (
				F26CE1651D95013E0006AA91 /* Sources */,
				F26CE1661D95013E0006AA91 /* Frameworks */,
				F26CE1671D95013E0006AA91 /* Resources */,
			);
			buildRules = (
			);
			dependencies = (
				F26CE16B1D95013E0006AA91 /* PBXTargetDependency */,
			);
			name = App1UITests;
			productName = App1UITests;
			productReference = F26CE1691D95013E0006AA91 /* App1UITests.xctest */;
			productType = "com.apple.product-type.bundle.ui-testing";
		};
/* End PBXNativeTarget section */

/* Begin PBXProject section */
		F26CE13D1D95013E0006AA91 /* Project object */ = {
			isa = PBXProject;
			attributes = {
				LastUpgradeCheck = 0730;
				ORGANIZATIONNAME = "Student-003";
				TargetAttributes = {
					F26CE1441D95013E0006AA91 = {
						CreatedOnToolsVersion = 7.3;
					};
					F26CE15D1D95013E0006AA91 = {
						CreatedOnToolsVersion = 7.3;
						TestTargetID = F26CE1441D95013E0006AA91;
					};
					F26CE1681D95013E0006AA91 = {
						CreatedOnToolsVersion = 7.3;
						TestTargetID = F26CE1441D95013E0006AA91;
					};
				};
			};
			buildConfigurationList = F26CE1401D95013E0006AA91 /* Build configuration list for PBXProject "App1" */;
			compatibilityVersion = "Xcode 3.2";
			developmentRegion = English;
			hasScannedForEncodings = 0;
			knownRegions = (
				en,
				Base,
			);
			mainGroup = F26CE13C1D95013E0006AA91;
			productRefGroup = F26CE1461D95013E0006AA91 /* Products */;
			projectDirPath = "";
			projectRoot = "";
			targets = (
				F26CE1441D95013E0006AA91 /* App1 */,
				F26CE15D1D95013E0006AA91 /* App1Tests */,
				F26CE1681D95013E0006AA91 /* App1UITests */,
			);
		};
/* End PBXProject section */

/* Begin PBXResourcesBuildPhase section */
		F26CE1431D95013E0006AA91 /* Resources */ = {
			isa = PBXResourcesBuildPhase;
			buildActionMask = 2147483647;
			files = (
				F26CE1581D95013E0006AA91 /* LaunchScreen.storyboard in Resources */,
				F26CE1551D95013E0006AA91 /* Assets.xcassets in Resources */,
			);
			runOnlyForDeploymentPostprocessing = 0;
		};
		F26CE15C1D95013E0006AA91 /* Resources */ = {
			isa = PBXResourcesBuildPhase;
			buildActionMask = 2147483647;
			files = (
			);
			runOnlyForDeploymentPostprocessing = 0;
		};
		F26CE1671D95013E0006AA91 /* Resources */ = {
			isa = PBXResourcesBuildPhase;
			buildActionMask = 2147483647;
			files = (
			);
			runOnlyForDeploymentPostprocessing = 0;
		};
/* End PBXResourcesBuildPhase section */

/* Begin PBXSourcesBuildPhase section */
		F26CE1411D95013E0006AA91 /* Sources */ = {
			isa = PBXSourcesBuildPhase;
			buildActionMask = 2147483647;
			files = (
				F26CE17D1D9501900006AA91 /* primeViewController.m in Sources */,
				F26CE14D1D95013E0006AA91 /* AppDelegate.m in Sources */,
				F26CE14A1D95013E0006AA91 /* main.m in Sources */,
			);
			runOnlyForDeploymentPostprocessing = 0;
		};
		F26CE15A1D95013E0006AA91 /* Sources */ = {
			isa = PBXSourcesBuildPhase;
			buildActionMask = 2147483647;
			files = (
				F26CE1631D95013E0006AA91 /* App1Tests.m in Sources */,
			);
			runOnlyForDeploymentPostprocessing = 0;
		};
		F26CE1651D95013E0006AA91 /* Sources */ = {
			isa = PBXSourcesBuildPhase;
			buildActionMask = 2147483647;
			files = (
				F26CE16E1D95013E0006AA91 /* App1UITests.m in Sources */,
			);
			runOnlyForDeploymentPostprocessing = 0;
		};
/* End PBXSourcesBuildPhase section */

/* Begin PBXTargetDependency section */
		F26CE1601D95013E0006AA91 /* PBXTargetDependency */ = {
			isa = PBXTargetDependency;
			target = F26CE1441D95013E0006AA91 /* App1 */;
			targetProxy = F26CE15F1D95013E0006AA91 /* PBXContainerItemProxy */;
		};
		F26CE16B1D95013E0006AA91 /* PBXTargetDependency */ = {
			isa = PBXTargetDependency;
			target = F26CE1441D95013E0006AA91 /* App1 */;
			targetProxy = F26CE16A1D95013E0006AA91 /* PBXContainerItemProxy */;
		};
/* End PBXTargetDependency section */

/* Begin PBXVariantGroup section */
		F26CE1561D95013E0006AA91 /* LaunchScreen.storyboard */ = {
			isa = PBXVariantGroup;
			children = (
				F26CE1571D95013E0006AA91 /* Base */,
			);
			name = LaunchScreen.storyboard;
			sourceTree = "<group>";
		};
/* End PBXVariantGroup section */

/* Begin XCBuildConfiguration section */
		F26CE1701D95013E0006AA91 /* Debug */ = {
			isa = XCBuildConfiguration;
			buildSettings = {
				ALWAYS_SEARCH_USER_PATHS = NO;
				CLANG_ANALYZER_NONNULL = YES;
				CLANG_CXX_LANGUAGE_STANDARD = "gnu++0x";
				CLANG_CXX_LIBRARY = "libc++";
				CLANG_ENABLE_MODULES = YES;
				CLANG_ENABLE_OBJC_ARC = YES;
				CLANG_WARN_BOOL_CONVERSION = YES;
				CLANG_WARN_CONSTANT_CONVERSION = YES;
				CLANG_WARN_DIRECT_OBJC_ISA_USAGE = YES_ERROR;
				CLANG_WARN_EMPTY_BODY = YES;
				CLANG_WARN_ENUM_CONVERSION = YES;
				CLANG_WARN_INT_CONVERSION = YES;
				CLANG_WARN_OBJC_ROOT_CLASS = YES_ERROR;
				CLANG_WARN_UNREACHABLE_CODE = YES;
				CLANG_WARN__DUPLICATE_METHOD_MATCH = YES;
				"CODE_SIGN_IDENTITY[sdk=iphoneos*]" = "iPhone Developer";
				COPY_PHASE_STRIP = NO;
				DEBUG_INFORMATION_FORMAT = dwarf;
				ENABLE_STRICT_OBJC_MSGSEND = YES;
				ENABLE_TESTABILITY = YES;
				GCC_C_LANGUAGE_STANDARD = gnu99;
				GCC_DYNAMIC_NO_PIC = NO;
				GCC_NO_COMMON_BLOCKS = YES;
				GCC_OPTIMIZATION_LEVEL = 0;
				GCC_PREPROCESSOR_DEFINITIONS = (
					"DEBUG=1",
					"$(inherited)",
				);
				GCC_WARN_64_TO_32_BIT_CONVERSION = YES;
				GCC_WARN_ABOUT_RETURN_TYPE = YES_ERROR;
				GCC_WARN_UNDECLARED_SELECTOR = YES;
				GCC_WARN_UNINITIALIZED_AUTOS = YES_AGGRESSIVE;
				GCC_WARN_UNUSED_FUNCTION = YES;
				GCC_WARN_UNUSED_VARIABLE = YES;
				IPHONEOS_DEPLOYMENT_TARGET = 9.3;
				MTL_ENABLE_DEBUG_INFO = YES;
				ONLY_ACTIVE_ARCH = YES;
				SDKROOT = iphoneos;
				TARGETED_DEVICE_FAMILY = "1,2";
			};
			name = Debug;
		};
		F26CE1711D95013E0006AA91 /* Release */ = {
			isa = XCBuildConfiguration;
			buildSettings = {
				ALWAYS_SEARCH_USER_PATHS = NO;
				CLANG_ANALYZER_NONNULL = YES;
				CLANG_CXX_LANGUAGE_STANDARD = "gnu++0x";
				CLANG_CXX_LIBRARY = "libc++";
				CLANG_ENABLE_MODULES = YES;
				CLANG_ENABLE_OBJC_ARC = YES;
				CLANG_WARN_BOOL_CONVERSION = YES;
				CLANG_WARN_CONSTANT_CONVERSION = YES;
				CLANG_WARN_DIRECT_OBJC_ISA_USAGE = YES_ERROR;
				CLANG_WARN_EMPTY_BODY = YES;
				CLANG_WARN_ENUM_CONVERSION = YES;
				CLANG_WARN_INT_CONVERSION = YES;
				CLANG_WARN_OBJC_ROOT_CLASS = YES_ERROR;
				CLANG_WARN_UNREACHABLE_CODE = YES;
				CLANG_WARN__DUPLICATE_METHOD_MATCH = YES;
				"CODE_SIGN_IDENTITY[sdk=iphoneos*]" = "iPhone Developer";
				COPY_PHASE_STRIP = NO;
				DEBUG_INFORMATION_FORMAT = "dwarf-with-dsym";
				ENABLE_NS_ASSERTIONS = NO;
				ENABLE_STRICT_OBJC_MSGSEND = YES;
				GCC_C_LANGUAGE_STANDARD = gnu99;
				GCC_NO_COMMON_BLOCKS = YES;
				GCC_WARN_64_TO_32_BIT_CONVERSION = YES;
				GCC_WARN_ABOUT_RETURN_TYPE = YES_ERROR;
				GCC_WARN_UNDECLARED_SELECTOR = YES;
				GCC_WARN_UNINITIALIZED_AUTOS = YES_AGGRESSIVE;
				GCC_WARN_UNUSED_FUNCTION = YES;
				GCC_WARN_UNUSED_VARIABLE = YES;
				IPHONEOS_DEPLOYMENT_TARGET = 9.3;
				MTL_ENABLE_DEBUG_INFO = NO;
				SDKROOT = iphoneos;
				TARGETED_DEVICE_FAMILY = "1,2";
				VALIDATE_PRODUCT = YES;
			};
			name = Release;
		};
		F26CE1731D95013E0006AA91 /* Debug */ = {
			isa = XCBuildConfiguration;
			buildSettings = {
				ASSETCATALOG_COMPILER_APPICON_NAME = AppIcon;
				INFOPLIST_FILE = App1/Info.plist;
				LD_RUNPATH_SEARCH_PATHS = "$(inherited) @executable_path/Frameworks";
				PRODUCT_BUNDLE_IDENTIFIER = "com.felix-its.App1";
				PRODUCT_NAME = "$(TARGET_NAME)";
			};
			name = Debug;
		};
		F26CE1741D95013E0006AA91 /* Release */ = {
			isa = XCBuildConfiguration;
			buildSettings = {
				ASSETCATALOG_COMPILER_APPICON_NAME = AppIcon;
				INFOPLIST_FILE = App1/Info.plist;
				LD_RUNPATH_SEARCH_PATHS = "$(inherited) @executable_path/Frameworks";
				PRODUCT_BUNDLE_IDENTIFIER = "com.felix-its.App1";
				PRODUCT_NAME = "$(TARGET_NAME)";
			};
			name = Release;
		};
		F26CE1761D95013E0006AA91 /* Debug */ = {
			isa = XCBuildConfiguration;
			buildSettings = {
				BUNDLE_LOADER = "$(TEST_HOST)";
				INFOPLIST_FILE = App1Tests/Info.plist;
				LD_RUNPATH_SEARCH_PATHS = "$(inherited) @executable_path/Frameworks @loader_path/Frameworks";
				PRODUCT_BUNDLE_IDENTIFIER = "com.felix-its.App1Tests";
				PRODUCT_NAME = "$(TARGET_NAME)";
				TEST_HOST = "$(BUILT_PRODUCTS_DIR)/App1.app/App1";
			};
			name = Debug;
		};
		F26CE1771D95013E0006AA91 /* Release */ = {
			isa = XCBuildConfiguration;
			buildSettings = {
				BUNDLE_LOADER = "$(TEST_HOST)";
				INFOPLIST_FILE = App1Tests/Info.plist;
				LD_RUNPATH_SEARCH_PATHS = "$(inherited) @executable_path/Frameworks @loader_path/Frameworks";
				PRODUCT_BUNDLE_IDENTIFIER = "com.felix-its.App1Tests";
				PRODUCT_NAME = "$(TARGET_NAME)";
				TEST_HOST = "$(BUILT_PRODUCTS_DIR)/App1.app/App1";
			};
			name = Release;
		};
		F26CE1791D95013E0006AA91 /* Debug */ = {
			isa = XCBuildConfiguration;
			buildSettings = {
				INFOPLIST_FILE = App1UITests/Info.plist;
				LD_RUNPATH_SEARCH_PATHS = "$(inherited) @executable_path/Frameworks @loader_path/Frameworks";
				PRODUCT_BUNDLE_IDENTIFIER = "com.felix-its.App1UITests";
				PRODUCT_NAME = "$(TARGET_NAME)";
				TEST_TARGET_NAME = App1;
			};
			name = Debug;
		};
		F26CE17A1D95013E0006AA91 /* Release */ = {
			isa = XCBuildConfiguration;
			buildSettings = {
				INFOPLIST_FILE = App1UITests/Info.plist;
				LD_RUNPATH_SEARCH_PATHS = "$(inherited) @executable_path/Frameworks @loader_path/Frameworks";
				PRODUCT_BUNDLE_IDENTIFIER = "com.felix-its.App1UITests";
				PRODUCT_NAME = "$(TARGET_NAME)";
				TEST_TARGET_NAME = App1;
			};
			name = Release;
		};
/* End XCBuildConfiguration section */

/* Begin XCConfigurationList section */
		F26CE1401D95013E0006AA91 /* Build configuration list for PBXProject "App1" */ = {
			isa = XCConfigurationList;
			buildConfigurations = (
				F26CE1701D95013E0006AA91 /* Debug */,
				F26CE1711D95013E0006AA91 /* Release */,
			);
			defaultConfigurationIsVisible = 0;
			defaultConfigurationName = Release;
		};
		F26CE1721D95013E0006AA91 /* Build configuration list for PBXNativeTarget "App1" */ = {
			isa = XCConfigurationList;
			buildConfigurations = (
				F26CE1731D95013E0006AA91 /* Debug */,
				F26CE1741D95013E0006AA91 /* Release */,
			);
			defaultConfigurationIsVisible = 0;
		};
		F26CE1751D95013E0006AA91 /* Build configuration list for PBXNativeTarget "App1Tests" */ = {
			isa = XCConfigurationList;
			buildConfigurations = (
				F26CE1761D95013E0006AA91 /* Debug */,
				F26CE1771D95013E0006AA91 /* Release */,
			);
			defaultConfigurationIsVisible = 0;
		};
		F26CE1781D95013E0006AA91 /* Build configuration list for PBXNativeTarget "App1UITests" */ = {
			isa = XCConfigurationList;
			buildConfigurations = (
				F26CE1791D95013E0006AA91 /* Debug */,
				F26CE17A1D95013E0006AA91 /* Release */,
			);
			defaultConfigurationIsVisible = 0;
		};
/* End XCConfigurationList section */
	};
	rootObject = F26CE13D1D95013E0006AA91 /* Project object */;
}
